{
  "name": "ar",
  "version": "1.0.0",
  "lockfileVersion": 2,
  "requires": true,
  "packages": {
    "": {
      "name": "ar",
      "version": "1.0.0",
      "license": "ISC",
      "dependencies": {
        "ar.js": "^2.0.8",
        "three": "^0.156.1"
      }
    },
    "node_modules/ar.js": {
      "version": "2.0.8",
      "resolved": "https://registry.npmjs.org/ar.js/-/ar.js-2.0.8.tgz",
      "integrity": "sha512-d1JBZbWaIj7W4Isrb3oo9+7PiZiR4/jUHlW3qG8v27gRolEEmeqFz44blHfKFs4I9oX+X+NWSKYHAJyO+Y203g=="
    },
    "node_modules/three": {
      "version": "0.156.1",
      "resolved": "https://registry.npmjs.org/three/-/three-0.156.1.tgz",
      "integrity": "sha512-kP7H0FK9d/k6t/XvQ9FO6i+QrePoDcNhwl0I02+wmUJRNSLCUIDMcfObnzQvxb37/0Uc9TDT0T1HgsRRrO6SYQ=="
    }
  },
  "dependencies": {
    "ar.js": {
      "version": "2.0.8",
      "resolved": "https://registry.npmjs.org/ar.js/-/ar.js-2.0.8.tgz",
      "integrity": "sha512-d1JBZbWaIj7W4Isrb3oo9+7PiZiR4/jUHlW3qG8v27gRolEEmeqFz44blHfKFs4I9oX+X+NWSKYHAJyO+Y203g=="
    },
    "three": {
      "version": "0.156.1",
      "resolved": "https://registry.npmjs.org/three/-/three-0.156.1.tgz",
      "integrity": "sha512-kP7H0FK9d/k6t/XvQ9FO6i+QrePoDcNhwl0I02+wmUJRNSLCUIDMcfObnzQvxb37/0Uc9TDT0T1HgsRRrO6SYQ=="
    }
  }
}
